{
  "requires": true,
  "lockfileVersion": 1,
  "dependencies": {
    "react-collapsible": {
      "version": "2.6.2",
      "resolved": "https://registry.npmjs.org/react-collapsible/-/react-collapsible-2.6.2.tgz",
      "integrity": "sha512-QLjwhhrAgrTdrVRUuuCWOHLt98bRXgx106Z1OErhk5mliQ9h1VH0LMLbmCkX8rdGTNxTsUvqR8y01ylkXCps0Q=="
    }
  }
}
